
Microsoft Visual Studio Solution File, Format Version 12.00
# Visual Studio 15
VisualStudioVersion = 15.0.26730.16
MinimumVisualStudioVersion = 10.0.40219.1
Project("{FAE04EC0-301F-11D3-BF4B-00C04F79EFBC}") = "Automated_OppWorker_Project", "Automated_OppWorker_Project\Automated_OppWorker_Project.csproj", "{C68F075A-C611-4848-9030-BEA440B55D9C}"
EndProject
Project("{FAE04EC0-301F-11D3-BF4B-00C04F79EFBC}") = "Machform_Entry_Downloader", "Machform_Entry_Downloader\Machform_Entry_Downloader.csproj", "{0EE22174-262C-49DA-9A77-9EBD75A98834}"
EndProject
Project("{FAE04EC0-301F-11D3-BF4B-00C04F79EFBC}") = "OppEntry_Html_Creator", "OppEntry_Html_Creator\OppEntry_Html_Creator.csproj", "{C802C4F2-22D2-4064-B85C-6C027FF190CA}"
EndProject
Project("{FAE04EC0-301F-11D3-BF4B-00C04F79EFBC}") = "Opp_Email_Manager", "Opp_Email_Manager\Opp_Email_Manager.csproj", "{1BA01448-4CE4-4232-95B7-A99669495E32}"
EndProject
Project("{FAE04EC0-301F-11D3-BF4B-00C04F79EFBC}") = "Import_File_Handler", "Import_File_Handler\Import_File_Handler.csproj", "{2A343210-85CB-494C-8AE0-728A4D273EE0}"
EndProject
Global
	GlobalSection(SolutionConfigurationPlatforms) = preSolution
		Debug|Any CPU = Debug|Any CPU
		Release|Any CPU = Release|Any CPU
	EndGlobalSection
	GlobalSection(ProjectConfigurationPlatforms) = postSolution
		{C68F075A-C611-4848-9030-BEA440B55D9C}.Debug|Any CPU.ActiveCfg = Debug|Any CPU
		{C68F075A-C611-4848-9030-BEA440B55D9C}.Debug|Any CPU.Build.0 = Debug|Any CPU
		{C68F075A-C611-4848-9030-BEA440B55D9C}.Release|Any CPU.ActiveCfg = Release|Any CPU
		{C68F075A-C611-4848-9030-BEA440B55D9C}.Release|Any CPU.Build.0 = Release|Any CPU
		{0EE22174-262C-49DA-9A77-9EBD75A98834}.Debug|Any CPU.ActiveCfg = Debug|Any CPU
		{0EE22174-262C-49DA-9A77-9EBD75A98834}.Debug|Any CPU.Build.0 = Debug|Any CPU
		{0EE22174-262C-49DA-9A77-9EBD75A98834}.Release|Any CPU.ActiveCfg = Release|Any CPU
		{0EE22174-262C-49DA-9A77-9EBD75A98834}.Release|Any CPU.Build.0 = Release|Any CPU
		{C802C4F2-22D2-4064-B85C-6C027FF190CA}.Debug|Any CPU.ActiveCfg = Debug|Any CPU
		{C802C4F2-22D2-4064-B85C-6C027FF190CA}.Debug|Any CPU.Build.0 = Debug|Any CPU
		{C802C4F2-22D2-4064-B85C-6C027FF190CA}.Release|Any CPU.ActiveCfg = Release|Any CPU
		{C802C4F2-22D2-4064-B85C-6C027FF190CA}.Release|Any CPU.Build.0 = Release|Any CPU
		{1BA01448-4CE4-4232-95B7-A99669495E32}.Debug|Any CPU.ActiveCfg = Debug|Any CPU
		{1BA01448-4CE4-4232-95B7-A99669495E32}.Debug|Any CPU.Build.0 = Debug|Any CPU
		{1BA01448-4CE4-4232-95B7-A99669495E32}.Release|Any CPU.ActiveCfg = Release|Any CPU
		{1BA01448-4CE4-4232-95B7-A99669495E32}.Release|Any CPU.Build.0 = Release|Any CPU
		{2A343210-85CB-494C-8AE0-728A4D273EE0}.Debug|Any CPU.ActiveCfg = Debug|Any CPU
		{2A343210-85CB-494C-8AE0-728A4D273EE0}.Debug|Any CPU.Build.0 = Debug|Any CPU
		{2A343210-85CB-494C-8AE0-728A4D273EE0}.Release|Any CPU.ActiveCfg = Release|Any CPU
		{2A343210-85CB-494C-8AE0-728A4D273EE0}.Release|Any CPU.Build.0 = Release|Any CPU
	EndGlobalSection
	GlobalSection(SolutionProperties) = preSolution
		HideSolutionNode = FALSE
	EndGlobalSection
	GlobalSection(ExtensibilityGlobals) = postSolution
		SolutionGuid = {B4A27B98-5D49-4F18-9CCD-ADD27D883A53}
	EndGlobalSection
EndGlobal
